
Microsoft Visual Studio Solution File, Format Version 12.00
# Visual Studio Version 17
VisualStudioVersion = 17.9.34902.65
MinimumVisualStudioVersion = 10.0.40219.1
Project("{FAE04EC0-301F-11D3-BF4B-00C04F79EFBC}") = "ex02", "ex02.csproj", "{D526328E-D322-4F2D-BA9B-4EDAFB105746}"
EndProject
Global
	GlobalSection(SolutionConfigurationPlatforms) = preSolution
		Debug|Any CPU = Debug|Any CPU
		Release|Any CPU = Release|Any CPU
	EndGlobalSection
	GlobalSection(ProjectConfigurationPlatforms) = postSolution
		{D526328E-D322-4F2D-BA9B-4EDAFB105746}.Debug|Any CPU.ActiveCfg = Debug|Any CPU
		{D526328E-D322-4F2D-BA9B-4EDAFB105746}.Debug|Any CPU.Build.0 = Debug|Any CPU
		{D526328E-D322-4F2D-BA9B-4EDAFB105746}.Release|Any CPU.ActiveCfg = Release|Any CPU
		{D526328E-D322-4F2D-BA9B-4EDAFB105746}.Release|Any CPU.Build.0 = Release|Any CPU
	EndGlobalSection
	GlobalSection(SolutionProperties) = preSolution
		HideSolutionNode = FALSE
	EndGlobalSection
	GlobalSection(ExtensibilityGlobals) = postSolution
		SolutionGuid = {6557006F-44A5-45B3-95A4-8644A9130422}
	EndGlobalSection
EndGlobal
